
Microsoft Visual Studio Solution File, Format Version 12.00
# Visual Studio Version 17
VisualStudioVersion = 17.0.31903.59
MinimumVisualStudioVersion = 10.0.40219.1
Project("{2150E333-8FDC-42A3-9474-1A3956D46DE8}") = "src", "src", "{827E0CD3-B72D-47B6-A68D-7590B98EB39B}"
EndProject
Project("{FAE04EC0-301F-11D3-BF4B-00C04F79EFBC}") = "SignRelay.Contracts", "src\SignRelay.Contracts\SignRelay.Contracts.csproj", "{2FB60794-0A9E-41E4-9C7C-39ABEC00D80C}"
EndProject
Project("{FAE04EC0-301F-11D3-BF4B-00C04F79EFBC}") = "SignRelay.Server", "src\SignRelay.Server\SignRelay.Server.csproj", "{E1B00B24-CE7D-412B-A7E9-DD897536ECF9}"
EndProject
Project("{FAE04EC0-301F-11D3-BF4B-00C04F79EFBC}") = "SignRelay.Cli", "src\SignRelay.Cli\SignRelay.Cli.csproj", "{F02F06C5-973B-43EE-B368-BA0D2AE9A4EE}"
EndProject
Project("{FAE04EC0-301F-11D3-BF4B-00C04F79EFBC}") = "SignRelay.Agent", "src\SignRelay.Agent\SignRelay.Agent.csproj", "{FA02A510-E246-4733-9AD1-E4AABBFF90BB}"
EndProject
Project("{2150E333-8FDC-42A3-9474-1A3956D46DE8}") = "build", "build", "{DEE5DD87-39C1-BF34-B639-A387DCCF972B}"
EndProject
Project("{FAE04EC0-301F-11D3-BF4B-00C04F79EFBC}") = "_build", "build\_build.csproj", "{6A57084E-6D5F-4050-A258-BDEF1BCC96E1}"
EndProject
Global
	GlobalSection(SolutionConfigurationPlatforms) = preSolution
		Debug|Any CPU = Debug|Any CPU
		Debug|x64 = Debug|x64
		Debug|x86 = Debug|x86
		Release|Any CPU = Release|Any CPU
		Release|x64 = Release|x64
		Release|x86 = Release|x86
	EndGlobalSection
	GlobalSection(ProjectConfigurationPlatforms) = postSolution
		{2FB60794-0A9E-41E4-9C7C-39ABEC00D80C}.Debug|Any CPU.ActiveCfg = Debug|Any CPU
		{2FB60794-0A9E-41E4-9C7C-39ABEC00D80C}.Debug|Any CPU.Build.0 = Debug|Any CPU
		{2FB60794-0A9E-41E4-9C7C-39ABEC00D80C}.Debug|x64.ActiveCfg = Debug|Any CPU
		{2FB60794-0A9E-41E4-9C7C-39ABEC00D80C}.Debug|x64.Build.0 = Debug|Any CPU
		{2FB60794-0A9E-41E4-9C7C-39ABEC00D80C}.Debug|x86.ActiveCfg = Debug|Any CPU
		{2FB60794-0A9E-41E4-9C7C-39ABEC00D80C}.Debug|x86.Build.0 = Debug|Any CPU
		{2FB60794-0A9E-41E4-9C7C-39ABEC00D80C}.Release|Any CPU.ActiveCfg = Release|Any CPU
		{2FB60794-0A9E-41E4-9C7C-39ABEC00D80C}.Release|Any CPU.Build.0 = Release|Any CPU
		{2FB60794-0A9E-41E4-9C7C-39ABEC00D80C}.Release|x64.ActiveCfg = Release|Any CPU
		{2FB60794-0A9E-41E4-9C7C-39ABEC00D80C}.Release|x64.Build.0 = Release|Any CPU
		{2FB60794-0A9E-41E4-9C7C-39ABEC00D80C}.Release|x86.ActiveCfg = Release|Any CPU
		{2FB60794-0A9E-41E4-9C7C-39ABEC00D80C}.Release|x86.Build.0 = Release|Any CPU
		{E1B00B24-CE7D-412B-A7E9-DD897536ECF9}.Debug|Any CPU.ActiveCfg = Debug|Any CPU
		{E1B00B24-CE7D-412B-A7E9-DD897536ECF9}.Debug|Any CPU.Build.0 = Debug|Any CPU
		{E1B00B24-CE7D-412B-A7E9-DD897536ECF9}.Debug|x64.ActiveCfg = Debug|Any CPU
		{E1B00B24-CE7D-412B-A7E9-DD897536ECF9}.Debug|x64.Build.0 = Debug|Any CPU
		{E1B00B24-CE7D-412B-A7E9-DD897536ECF9}.Debug|x86.ActiveCfg = Debug|Any CPU
		{E1B00B24-CE7D-412B-A7E9-DD897536ECF9}.Debug|x86.Build.0 = Debug|Any CPU
		{E1B00B24-CE7D-412B-A7E9-DD897536ECF9}.Release|Any CPU.ActiveCfg = Release|Any CPU
		{E1B00B24-CE7D-412B-A7E9-DD897536ECF9}.Release|Any CPU.Build.0 = Release|Any CPU
		{E1B00B24-CE7D-412B-A7E9-DD897536ECF9}.Release|x64.ActiveCfg = Release|Any CPU
		{E1B00B24-CE7D-412B-A7E9-DD897536ECF9}.Release|x64.Build.0 = Release|Any CPU
		{E1B00B24-CE7D-412B-A7E9-DD897536ECF9}.Release|x86.ActiveCfg = Release|Any CPU
		{E1B00B24-CE7D-412B-A7E9-DD897536ECF9}.Release|x86.Build.0 = Release|Any CPU
		{F02F06C5-973B-43EE-B368-BA0D2AE9A4EE}.Debug|Any CPU.ActiveCfg = Debug|Any CPU
		{F02F06C5-973B-43EE-B368-BA0D2AE9A4EE}.Debug|Any CPU.Build.0 = Debug|Any CPU
		{F02F06C5-973B-43EE-B368-BA0D2AE9A4EE}.Debug|x64.ActiveCfg = Debug|Any CPU
		{F02F06C5-973B-43EE-B368-BA0D2AE9A4EE}.Debug|x64.Build.0 = Debug|Any CPU
		{F02F06C5-973B-43EE-B368-BA0D2AE9A4EE}.Debug|x86.ActiveCfg = Debug|Any CPU
		{F02F06C5-973B-43EE-B368-BA0D2AE9A4EE}.Debug|x86.Build.0 = Debug|Any CPU
		{F02F06C5-973B-43EE-B368-BA0D2AE9A4EE}.Release|Any CPU.ActiveCfg = Release|Any CPU
		{F02F06C5-973B-43EE-B368-BA0D2AE9A4EE}.Release|Any CPU.Build.0 = Release|Any CPU
		{F02F06C5-973B-43EE-B368-BA0D2AE9A4EE}.Release|x64.ActiveCfg = Release|Any CPU
		{F02F06C5-973B-43EE-B368-BA0D2AE9A4EE}.Release|x64.Build.0 = Release|Any CPU
		{F02F06C5-973B-43EE-B368-BA0D2AE9A4EE}.Release|x86.ActiveCfg = Release|Any CPU
		{F02F06C5-973B-43EE-B368-BA0D2AE9A4EE}.Release|x86.Build.0 = Release|Any CPU
		{FA02A510-E246-4733-9AD1-E4AABBFF90BB}.Debug|Any CPU.ActiveCfg = Debug|Any CPU
		{FA02A510-E246-4733-9AD1-E4AABBFF90BB}.Debug|Any CPU.Build.0 = Debug|Any CPU
		{FA02A510-E246-4733-9AD1-E4AABBFF90BB}.Debug|x64.ActiveCfg = Debug|Any CPU
		{FA02A510-E246-4733-9AD1-E4AABBFF90BB}.Debug|x64.Build.0 = Debug|Any CPU
		{FA02A510-E246-4733-9AD1-E4AABBFF90BB}.Debug|x86.ActiveCfg = Debug|Any CPU
		{FA02A510-E246-4733-9AD1-E4AABBFF90BB}.Debug|x86.Build.0 = Debug|Any CPU
		{FA02A510-E246-4733-9AD1-E4AABBFF90BB}.Release|Any CPU.ActiveCfg = Release|Any CPU
		{FA02A510-E246-4733-9AD1-E4AABBFF90BB}.Release|Any CPU.Build.0 = Release|Any CPU
		{FA02A510-E246-4733-9AD1-E4AABBFF90BB}.Release|x64.ActiveCfg = Release|Any CPU
		{FA02A510-E246-4733-9AD1-E4AABBFF90BB}.Release|x64.Build.0 = Release|Any CPU
		{FA02A510-E246-4733-9AD1-E4AABBFF90BB}.Release|x86.ActiveCfg = Release|Any CPU
		{FA02A510-E246-4733-9AD1-E4AABBFF90BB}.Release|x86.Build.0 = Release|Any CPU
		{6A57084E-6D5F-4050-A258-BDEF1BCC96E1}.Debug|Any CPU.ActiveCfg = Debug|Any CPU
		{6A57084E-6D5F-4050-A258-BDEF1BCC96E1}.Debug|Any CPU.Build.0 = Debug|Any CPU
		{6A57084E-6D5F-4050-A258-BDEF1BCC96E1}.Debug|x64.ActiveCfg = Debug|Any CPU
		{6A57084E-6D5F-4050-A258-BDEF1BCC96E1}.Debug|x64.Build.0 = Debug|Any CPU
		{6A57084E-6D5F-4050-A258-BDEF1BCC96E1}.Debug|x86.ActiveCfg = Debug|Any CPU
		{6A57084E-6D5F-4050-A258-BDEF1BCC96E1}.Debug|x86.Build.0 = Debug|Any CPU
		{6A57084E-6D5F-4050-A258-BDEF1BCC96E1}.Release|Any CPU.ActiveCfg = Release|Any CPU
		{6A57084E-6D5F-4050-A258-BDEF1BCC96E1}.Release|Any CPU.Build.0 = Release|Any CPU
		{6A57084E-6D5F-4050-A258-BDEF1BCC96E1}.Release|x64.ActiveCfg = Release|Any CPU
		{6A57084E-6D5F-4050-A258-BDEF1BCC96E1}.Release|x64.Build.0 = Release|Any CPU
		{6A57084E-6D5F-4050-A258-BDEF1BCC96E1}.Release|x86.ActiveCfg = Release|Any CPU
		{6A57084E-6D5F-4050-A258-BDEF1BCC96E1}.Release|x86.Build.0 = Release|Any CPU
	EndGlobalSection
	GlobalSection(SolutionProperties) = preSolution
		HideSolutionNode = FALSE
	EndGlobalSection
	GlobalSection(NestedProjects) = preSolution
		{2FB60794-0A9E-41E4-9C7C-39ABEC00D80C} = {827E0CD3-B72D-47B6-A68D-7590B98EB39B}
		{E1B00B24-CE7D-412B-A7E9-DD897536ECF9} = {827E0CD3-B72D-47B6-A68D-7590B98EB39B}
		{F02F06C5-973B-43EE-B368-BA0D2AE9A4EE} = {827E0CD3-B72D-47B6-A68D-7590B98EB39B}
		{FA02A510-E246-4733-9AD1-E4AABBFF90BB} = {827E0CD3-B72D-47B6-A68D-7590B98EB39B}
		{6A57084E-6D5F-4050-A258-BDEF1BCC96E1} = {DEE5DD87-39C1-BF34-B639-A387DCCF972B}
	EndGlobalSection
EndGlobal
