<Solution>
  <Folder Name="/build/">
    <Project Path="build/_build.csproj" />
  </Folder>
  <Folder Name="/src/">
    <Project Path="src/SignRelay.Agent/SignRelay.Agent.csproj" />
    <Project Path="src/SignRelay.Cli/SignRelay.Cli.csproj" />
    <Project Path="src/SignRelay.Contracts/SignRelay.Contracts.csproj" />
    <Project Path="src/SignRelay.Server/SignRelay.Server.csproj" />
  </Folder>
  <Folder Name="/tests/">
    <Project Path="tests/SignRelay.Tests/SignRelay.Tests.csproj" />
  </Folder>
</Solution>
